lockfileVersion: '9.0'

settings:
  autoInstallPeers: true
  excludeLinksFromLockfile: false

importers:

  .:
    dependencies:
      '@types/eventsource':
        specifier: ^3.0.0
        version: 3.0.0
      eventsource:
        specifier: ^3.0.6
        version: 3.0.6

packages:

  '@types/eventsource@3.0.0':
    resolution: {integrity: sha512-yEhFj31FTD29DtNeqePu+A+lD6loRef6YOM5XfN1kUwBHyy2DySGlA3jJU+FbQSkrfmlBVluf2Dub/OyReFGKA==}
    deprecated: This is a stub types definition. eventsource provides its own type definitions, so you do not need this installed.

  eventsource-parser@3.0.1:
    resolution: {integrity: sha512-VARTJ9CYeuQYb0pZEPbzi740OWFgpHe7AYJ2WFZVnUDUQp5Dk2yJUgF36YsZ81cOyxT0QxmXD2EQpapAouzWVA==}
    engines: {node: '>=18.0.0'}

  eventsource@3.0.6:
    resolution: {integrity: sha512-l19WpE2m9hSuyP06+FbuUUf1G+R0SFLrtQfbRb9PRr+oimOfxQhgGCbVaXg5IvZyyTThJsxh6L/srkMiCeBPDA==}
    engines: {node: '>=18.0.0'}

snapshots:

  '@types/eventsource@3.0.0':
    dependencies:
      eventsource: 3.0.6

  eventsource-parser@3.0.1: {}

  eventsource@3.0.6:
    dependencies:
      eventsource-parser: 3.0.1
